PODS:
  - AFNetworking (3.1.0):
    - AFNetworking/NSURLSession (= 3.1.0)
    - AFNetworking/Reachability (= 3.1.0)
    - AFNetworking/Security (= 3.1.0)
    - AFNetworking/Serialization (= 3.1.0)
    - AFNetworking/UIKit (= 3.1.0)
  - AFNetworking/NSURLSession (3.1.0):
    - AFNetworking/Reachability
    - AFNetworking/Security
    - AFNetworking/Serialization
  - AFNetworking/Reachability (3.1.0)
  - AFNetworking/Security (3.1.0)
  - AFNetworking/Serialization (3.1.0)
  - AFNetworking/UIKit (3.1.0):
    - AFNetworking/NSURLSession
  - Alamofire (4.5.1)
  - Bugly (2.4.6)
  - HMSegmentedControl@hons82 (1.4.3)
  - JSBadgeView (1.4.1)
  - KVOController (1.2.0)
  - Masonry (1.0.2)
  - MJExtension (3.0.13)
  - MJRefresh (1.4.7)
  - RxCocoa (4.0.0):
    - RxSwift (~> 4.0)
  - RxSwift (4.0.0)
  - SDWebImage (3.8.2):
    - SDWebImage/Core (= 3.8.2)
  - SDWebImage/Core (3.8.2)
  - SnapKit (4.0.0)
  - SSKeychain (1.2.3)
  - SSZipArchive (2.1.1)
  - SwiftyJSON (3.1.4)
  - WeexSDK (0.17.0)

DEPENDENCIES:
  - AFNetworking
  - Alamofire
  - Bugly (= 2.4.6)
  - HMSegmentedControl@hons82 (= 1.4.3)
  - JSBadgeView (= 1.4.1)
  - KVOController (= 1.2.0)
  - Masonry (= 1.0.2)
  - MJExtension (= 3.0.13)
  - MJRefresh (= 1.4.7)
  - RxCocoa (~> 4.0)
  - RxSwift (~> 4.0)
  - SDWebImage (= 3.8.2)
  - SnapKit (~> 4.0)
  - SSKeychain (= 1.2.3)
  - SSZipArchive
  - SwiftyJSON
  - WeexSDK

SPEC CHECKSUMS:
  AFNetworking: 5e0e199f73d8626b11e79750991f5d173d1f8b67
  Alamofire: 2d95912bf4c34f164fdfc335872e8c312acaea4a
  Bugly: 7756e72c59387b0d490f46e83ab458ae94ee7fba
  HMSegmentedControl@hons82: c117190e2dd52599941768780b6ec1a2a6e39e06
  JSBadgeView: 3861ddee41094284d9468e6d0af5107f703aaac5
  KVOController: d72ace34afea42468329623b3379ab3cd1d286b6
  Masonry: 7c429b56da9d4ee0bbb3ed77a5ea710d6a5df39e
  MJExtension: 5932755f451458eefa24239358817f8d291240c7
  MJRefresh: 6b140993028fa30f1fcb88e82925a7c7911415cf
  RxCocoa: d62846ca96495d862fa4c59ea7d87e5031d7340e
  RxSwift: fd680d75283beb5e2559486f3c0ff852f0d35334
  SDWebImage: 098e97e6176540799c27e804c96653ee0833d13c
  SnapKit: a42d492c16e80209130a3379f73596c3454b7694
  SSKeychain: 3f42991739c6c60a9cf1bbd4dff6c0d3694bcf3d
  SSZipArchive: 14401ade5f8e82aba1ff03e9f88e9de60937ae60
  SwiftyJSON: c2842d878f95482ffceec5709abc3d05680c0220
  WeexSDK: ad8443f4290ef7cb241bbd4c03b02d9dfc9fdca2

PODFILE CHECKSUM: ea105c0ad1c595eb6cdfe79be1bda10825ed130e

COCOAPODS: 1.3.1
